
Microsoft Visual Studio Solution File, Format Version 12.00
# Visual Studio Version 16
VisualStudioVersion = 16.0.31624.102
MinimumVisualStudioVersion = 10.0.40219.1
Project("{FAE04EC0-301F-11D3-BF4B-00C04F79EFBC}") = "Лб2,№6", "Лб2,№6\Лб2,№6.csproj", "{DE5E622D-B4DD-4CF0-AC18-F508B098ED01}"
EndProject
Global
	GlobalSection(SolutionConfigurationPlatforms) = preSolution
		Debug|Any CPU = Debug|Any CPU
		Release|Any CPU = Release|Any CPU
	EndGlobalSection
	GlobalSection(ProjectConfigurationPlatforms) = postSolution
		{DE5E622D-B4DD-4CF0-AC18-F508B098ED01}.Debug|Any CPU.ActiveCfg = Debug|Any CPU
		{DE5E622D-B4DD-4CF0-AC18-F508B098ED01}.Debug|Any CPU.Build.0 = Debug|Any CPU
		{DE5E622D-B4DD-4CF0-AC18-F508B098ED01}.Release|Any CPU.ActiveCfg = Release|Any CPU
		{DE5E622D-B4DD-4CF0-AC18-F508B098ED01}.Release|Any CPU.Build.0 = Release|Any CPU
	EndGlobalSection
	GlobalSection(SolutionProperties) = preSolution
		HideSolutionNode = FALSE
	EndGlobalSection
	GlobalSection(ExtensibilityGlobals) = postSolution
		SolutionGuid = {E72D24E4-F5D0-40BA-A65C-433753EABCA2}
	EndGlobalSection
EndGlobal
